
Microsoft Visual Studio Solution File, Format Version 12.00
# Visual Studio Version 16
VisualStudioVersion = 16.0.29123.88
MinimumVisualStudioVersion = 10.0.40219.1
Project("{FAE04EC0-301F-11D3-BF4B-00C04F79EFBC}") = "CheeseDCOM", "CheeseDCOM\CheeseDCOM.csproj", "{A8FE1F5C-6B2A-4417-907F-4F6EDE9C15A3}"
EndProject
Project("{FAE04EC0-301F-11D3-BF4B-00C04F79EFBC}") = "CheeseExec", "CheeseExec\CheeseExec.csproj", "{0DD419E5-D7B3-4360-874E-5838A7519355}"
EndProject
Project("{FAE04EC0-301F-11D3-BF4B-00C04F79EFBC}") = "CheesePS", "CheesePS\CheesePS.csproj", "{36F9C306-5F45-4946-A259-610C05BD90DF}"
EndProject
Project("{FAE04EC0-301F-11D3-BF4B-00C04F79EFBC}") = "CheeseRDP", "CheeseRDP\CheeseRDP.csproj", "{C526B877-6AFF-413C-BC03-1837FB63BC22}"
EndProject
Project("{FAE04EC0-301F-11D3-BF4B-00C04F79EFBC}") = "CheeseSQL", "CheeseSQL\CheeseSQL.csproj", "{CD3578F6-01B7-48C9-9140-1AFA44B3A7C0}"
EndProject
Global
	GlobalSection(SolutionConfigurationPlatforms) = preSolution
		Debug|Any CPU = Debug|Any CPU
		Debug|x64 = Debug|x64
		Debug|x86 = Debug|x86
		Release|Any CPU = Release|Any CPU
		Release|x64 = Release|x64
		Release|x86 = Release|x86
	EndGlobalSection
	GlobalSection(ProjectConfigurationPlatforms) = postSolution
		{A8FE1F5C-6B2A-4417-907F-4F6EDE9C15A3}.Debug|Any CPU.ActiveCfg = Debug|Any CPU
		{A8FE1F5C-6B2A-4417-907F-4F6EDE9C15A3}.Debug|Any CPU.Build.0 = Debug|Any CPU
		{A8FE1F5C-6B2A-4417-907F-4F6EDE9C15A3}.Debug|x64.ActiveCfg = Debug|x64
		{A8FE1F5C-6B2A-4417-907F-4F6EDE9C15A3}.Debug|x64.Build.0 = Debug|x64
		{A8FE1F5C-6B2A-4417-907F-4F6EDE9C15A3}.Debug|x86.ActiveCfg = Debug|Any CPU
		{A8FE1F5C-6B2A-4417-907F-4F6EDE9C15A3}.Debug|x86.Build.0 = Debug|Any CPU
		{A8FE1F5C-6B2A-4417-907F-4F6EDE9C15A3}.Release|Any CPU.ActiveCfg = Release|Any CPU
		{A8FE1F5C-6B2A-4417-907F-4F6EDE9C15A3}.Release|Any CPU.Build.0 = Release|Any CPU
		{A8FE1F5C-6B2A-4417-907F-4F6EDE9C15A3}.Release|x64.ActiveCfg = Release|x64
		{A8FE1F5C-6B2A-4417-907F-4F6EDE9C15A3}.Release|x64.Build.0 = Release|x64
		{A8FE1F5C-6B2A-4417-907F-4F6EDE9C15A3}.Release|x86.ActiveCfg = Release|Any CPU
		{A8FE1F5C-6B2A-4417-907F-4F6EDE9C15A3}.Release|x86.Build.0 = Release|Any CPU
		{0DD419E5-D7B3-4360-874E-5838A7519355}.Debug|Any CPU.ActiveCfg = Debug|Any CPU
		{0DD419E5-D7B3-4360-874E-5838A7519355}.Debug|Any CPU.Build.0 = Debug|Any CPU
		{0DD419E5-D7B3-4360-874E-5838A7519355}.Debug|x64.ActiveCfg = Debug|x64
		{0DD419E5-D7B3-4360-874E-5838A7519355}.Debug|x64.Build.0 = Debug|x64
		{0DD419E5-D7B3-4360-874E-5838A7519355}.Debug|x86.ActiveCfg = Debug|Any CPU
		{0DD419E5-D7B3-4360-874E-5838A7519355}.Debug|x86.Build.0 = Debug|Any CPU
		{0DD419E5-D7B3-4360-874E-5838A7519355}.Release|Any CPU.ActiveCfg = Release|Any CPU
		{0DD419E5-D7B3-4360-874E-5838A7519355}.Release|Any CPU.Build.0 = Release|Any CPU
		{0DD419E5-D7B3-4360-874E-5838A7519355}.Release|x64.ActiveCfg = Release|x64
		{0DD419E5-D7B3-4360-874E-5838A7519355}.Release|x64.Build.0 = Release|x64
		{0DD419E5-D7B3-4360-874E-5838A7519355}.Release|x86.ActiveCfg = Release|Any CPU
		{0DD419E5-D7B3-4360-874E-5838A7519355}.Release|x86.Build.0 = Release|Any CPU
		{36F9C306-5F45-4946-A259-610C05BD90DF}.Debug|Any CPU.ActiveCfg = Debug|Any CPU
		{36F9C306-5F45-4946-A259-610C05BD90DF}.Debug|Any CPU.Build.0 = Debug|Any CPU
		{36F9C306-5F45-4946-A259-610C05BD90DF}.Debug|x64.ActiveCfg = Debug|x64
		{36F9C306-5F45-4946-A259-610C05BD90DF}.Debug|x64.Build.0 = Debug|x64
		{36F9C306-5F45-4946-A259-610C05BD90DF}.Debug|x86.ActiveCfg = Debug|x86
		{36F9C306-5F45-4946-A259-610C05BD90DF}.Debug|x86.Build.0 = Debug|x86
		{36F9C306-5F45-4946-A259-610C05BD90DF}.Release|Any CPU.ActiveCfg = Release|Any CPU
		{36F9C306-5F45-4946-A259-610C05BD90DF}.Release|Any CPU.Build.0 = Release|Any CPU
		{36F9C306-5F45-4946-A259-610C05BD90DF}.Release|x64.ActiveCfg = Release|x64
		{36F9C306-5F45-4946-A259-610C05BD90DF}.Release|x64.Build.0 = Release|x64
		{36F9C306-5F45-4946-A259-610C05BD90DF}.Release|x86.ActiveCfg = Release|x86
		{36F9C306-5F45-4946-A259-610C05BD90DF}.Release|x86.Build.0 = Release|x86
		{C526B877-6AFF-413C-BC03-1837FB63BC22}.Debug|Any CPU.ActiveCfg = Debug|Any CPU
		{C526B877-6AFF-413C-BC03-1837FB63BC22}.Debug|Any CPU.Build.0 = Debug|Any CPU
		{C526B877-6AFF-413C-BC03-1837FB63BC22}.Debug|x64.ActiveCfg = Debug|x64
		{C526B877-6AFF-413C-BC03-1837FB63BC22}.Debug|x64.Build.0 = Debug|x64
		{C526B877-6AFF-413C-BC03-1837FB63BC22}.Debug|x86.ActiveCfg = Debug|Any CPU
		{C526B877-6AFF-413C-BC03-1837FB63BC22}.Debug|x86.Build.0 = Debug|Any CPU
		{C526B877-6AFF-413C-BC03-1837FB63BC22}.Release|Any CPU.ActiveCfg = Release|Any CPU
		{C526B877-6AFF-413C-BC03-1837FB63BC22}.Release|Any CPU.Build.0 = Release|Any CPU
		{C526B877-6AFF-413C-BC03-1837FB63BC22}.Release|x64.ActiveCfg = Release|x64
		{C526B877-6AFF-413C-BC03-1837FB63BC22}.Release|x64.Build.0 = Release|x64
		{C526B877-6AFF-413C-BC03-1837FB63BC22}.Release|x86.ActiveCfg = Release|Any CPU
		{C526B877-6AFF-413C-BC03-1837FB63BC22}.Release|x86.Build.0 = Release|Any CPU
		{CD3578F6-01B7-48C9-9140-1AFA44B3A7C0}.Debug|Any CPU.ActiveCfg = Debug|Any CPU
		{CD3578F6-01B7-48C9-9140-1AFA44B3A7C0}.Debug|Any CPU.Build.0 = Debug|Any CPU
		{CD3578F6-01B7-48C9-9140-1AFA44B3A7C0}.Debug|x64.ActiveCfg = Debug|x64
		{CD3578F6-01B7-48C9-9140-1AFA44B3A7C0}.Debug|x64.Build.0 = Debug|x64
		{CD3578F6-01B7-48C9-9140-1AFA44B3A7C0}.Debug|x86.ActiveCfg = Debug|Any CPU
		{CD3578F6-01B7-48C9-9140-1AFA44B3A7C0}.Debug|x86.Build.0 = Debug|Any CPU
		{CD3578F6-01B7-48C9-9140-1AFA44B3A7C0}.Release|Any CPU.ActiveCfg = Release|Any CPU
		{CD3578F6-01B7-48C9-9140-1AFA44B3A7C0}.Release|Any CPU.Build.0 = Release|Any CPU
		{CD3578F6-01B7-48C9-9140-1AFA44B3A7C0}.Release|x64.ActiveCfg = Release|x64
		{CD3578F6-01B7-48C9-9140-1AFA44B3A7C0}.Release|x64.Build.0 = Release|x64
		{CD3578F6-01B7-48C9-9140-1AFA44B3A7C0}.Release|x86.ActiveCfg = Release|Any CPU
		{CD3578F6-01B7-48C9-9140-1AFA44B3A7C0}.Release|x86.Build.0 = Release|Any CPU
	EndGlobalSection
	GlobalSection(SolutionProperties) = preSolution
		HideSolutionNode = FALSE
	EndGlobalSection
	GlobalSection(ExtensibilityGlobals) = postSolution
		SolutionGuid = {B035602A-D7F3-41E7-8113-178E43516CD9}
	EndGlobalSection
EndGlobal
